{
  "object": {
    "pins": [
      {
        "package": "Chip8Emulator",
        "repositoryURL": "https://github.com/ryanggrey/Chip8EmulatorPackage",
        "state": {
          "branch": null,
          "revision": "fab4825a1e82d389426ec28f48a9f21bd48023d8",
          "version": "0.0.13"
        }
      }
    ]
  },
  "version": 1
}
