{
  "object": {
    "pins": [
      {
        "package": "Chip8Emulator",
        "repositoryURL": "https://github.com/ryanggrey/Chip8EmulatorPackage",
        "state": {
          "branch": null,
          "revision": "53a956b0c52a348219201cdee974c8ee3e58cc54",
          "version": "0.0.12"
        }
      }
    ]
  },
  "version": 1
}
